
Microsoft Visual Studio Solution File, Format Version 11.00
# Visual Studio 2010
Project("{FAE04EC0-301F-11D3-BF4B-00C04F79EFBC}") = "Oculus.Platform", "Oculus.Platform.csproj", "{1f391107-bec8-dae3-46ca-c794442c3282}"
EndProject
Project("{FAE04EC0-301F-11D3-BF4B-00C04F79EFBC}") = "Assembly-CSharp", "Assembly-CSharp.csproj", "{44fe7269-b414-9042-2002-da0110b398f6}"
EndProject
Project("{FAE04EC0-301F-11D3-BF4B-00C04F79EFBC}") = "Oculus.Spatializer", "Oculus.Spatializer.csproj", "{91061a7c-3fe2-7ca0-24ac-0aa8f2eeec1c}"
EndProject
Project("{FAE04EC0-301F-11D3-BF4B-00C04F79EFBC}") = "Oculus.Interaction", "Oculus.Interaction.csproj", "{e52e7522-425f-b4b1-fe8b-cffd70f1fdce}"
EndProject
Project("{FAE04EC0-301F-11D3-BF4B-00C04F79EFBC}") = "Meta.WitAi", "Meta.WitAi.csproj", "{14ad9f9a-103d-0cc7-9241-23a4f109bf27}"
EndProject
Project("{FAE04EC0-301F-11D3-BF4B-00C04F79EFBC}") = "Oculus.Interaction.OVR.Samples", "Oculus.Interaction.OVR.Samples.csproj", "{ac922f7f-6815-a806-0f39-6123c8c413bc}"
EndProject
Project("{FAE04EC0-301F-11D3-BF4B-00C04F79EFBC}") = "Oculus.VR", "Oculus.VR.csproj", "{15eee475-1403-920e-f3aa-9473984e2495}"
EndProject
Project("{FAE04EC0-301F-11D3-BF4B-00C04F79EFBC}") = "VoiceSDK.Dictation.Runtime", "VoiceSDK.Dictation.Runtime.csproj", "{5f607c15-3452-47e6-69e5-0bfb1b7e4f2e}"
EndProject
Project("{FAE04EC0-301F-11D3-BF4B-00C04F79EFBC}") = "Meta.WitAi.TTS", "Meta.WitAi.TTS.csproj", "{6f7f3247-cbda-6951-3b25-7a3decadbe24}"
EndProject
Project("{FAE04EC0-301F-11D3-BF4B-00C04F79EFBC}") = "Oculus.AudioManager", "Oculus.AudioManager.csproj", "{dd45d662-403b-7c8b-e140-316138d6e011}"
EndProject
Project("{FAE04EC0-301F-11D3-BF4B-00C04F79EFBC}") = "VoiceSDK.Runtime", "VoiceSDK.Runtime.csproj", "{6ddce020-1df4-347f-f5ea-bcb9bdc9a4bc}"
EndProject
Project("{FAE04EC0-301F-11D3-BF4B-00C04F79EFBC}") = "Facebook.Wit.Dictation", "Facebook.Wit.Dictation.csproj", "{6ed4cf23-2004-bdd7-bf56-88c42a5e8244}"
EndProject
Project("{FAE04EC0-301F-11D3-BF4B-00C04F79EFBC}") = "Meta.WitAi.Lib", "Meta.WitAi.Lib.csproj", "{5ff59872-104d-ebd5-3793-c7fdb23de9ff}"
EndProject
Project("{FAE04EC0-301F-11D3-BF4B-00C04F79EFBC}") = "Meta.WitAi.TTS.Samples", "Meta.WitAi.TTS.Samples.csproj", "{d2e079da-c825-47a5-2c4d-4a2b287969c1}"
EndProject
Project("{FAE04EC0-301F-11D3-BF4B-00C04F79EFBC}") = "Oculus.Voice.Demo", "Oculus.Voice.Demo.csproj", "{b274be11-7c13-2d86-1199-a4d36fa37bf6}"
EndProject
Project("{FAE04EC0-301F-11D3-BF4B-00C04F79EFBC}") = "Oculus.Interaction.OVR", "Oculus.Interaction.OVR.csproj", "{b04fb089-bbaa-450d-4807-8c7bf2d7d134}"
EndProject
Project("{FAE04EC0-301F-11D3-BF4B-00C04F79EFBC}") = "AssistantCoreSDKRuntime", "AssistantCoreSDKRuntime.csproj", "{8ae40e9f-496f-4994-2ee2-6a5e4587dfc2}"
EndProject
Project("{FAE04EC0-301F-11D3-BF4B-00C04F79EFBC}") = "Meta.WitAi.Conduit", "Meta.WitAi.Conduit.csproj", "{21e0a695-b360-39f1-1750-559d2db24d9c}"
EndProject
Project("{FAE04EC0-301F-11D3-BF4B-00C04F79EFBC}") = "Oculus.LipSync", "Oculus.LipSync.csproj", "{df2b3614-647a-b2ed-0c1f-e328b5e4205e}"
EndProject
Project("{FAE04EC0-301F-11D3-BF4B-00C04F79EFBC}") = "Meta.VoiceSDK.Mic.Other", "Meta.VoiceSDK.Mic.Other.csproj", "{87b2fbe2-2e9b-7f5a-c45b-82eb7d85bf83}"
EndProject
Project("{FAE04EC0-301F-11D3-BF4B-00C04F79EFBC}") = "Meta.VoiceSDK.Mic.Common", "Meta.VoiceSDK.Mic.Common.csproj", "{57bdbdfd-57b9-e6bc-ee10-a2382045854f}"
EndProject
Project("{FAE04EC0-301F-11D3-BF4B-00C04F79EFBC}") = "Meta.VoiceSDK.Mic.WebGL", "Meta.VoiceSDK.Mic.WebGL.csproj", "{941a229a-da20-af26-03a0-5af41ce30052}"
EndProject
Project("{FAE04EC0-301F-11D3-BF4B-00C04F79EFBC}") = "Bhaptics.SDK2", "Bhaptics.SDK2.csproj", "{0eaec2ef-3248-fa6a-d6da-ce63a6be1e7a}"
EndProject
Project("{FAE04EC0-301F-11D3-BF4B-00C04F79EFBC}") = "Meta.WitAi.Editor", "Meta.WitAi.Editor.csproj", "{7ca31af6-cc3d-14ba-7beb-dd3a4e0b1b10}"
EndProject
Project("{FAE04EC0-301F-11D3-BF4B-00C04F79EFBC}") = "Meta.WitAi.Conduit.Editor", "Meta.WitAi.Conduit.Editor.csproj", "{baf68e30-95e5-44c2-6771-44ba43d97ad1}"
EndProject
Project("{FAE04EC0-301F-11D3-BF4B-00C04F79EFBC}") = "Oculus.Interaction.Editor", "Oculus.Interaction.Editor.csproj", "{a4e32c03-1c0d-a2e1-78d2-a5b5ce88c937}"
EndProject
Project("{FAE04EC0-301F-11D3-BF4B-00C04F79EFBC}") = "Meta.WitAI.Lib.Editor", "Meta.WitAI.Lib.Editor.csproj", "{07d5ea26-fe94-5c4a-002b-4ea040988003}"
EndProject
Project("{FAE04EC0-301F-11D3-BF4B-00C04F79EFBC}") = "Oculus.VR.Editor", "Oculus.VR.Editor.csproj", "{8c5ae0aa-4d33-73ff-fb63-ec4bd1803c3c}"
EndProject
Project("{FAE04EC0-301F-11D3-BF4B-00C04F79EFBC}") = "Oculus.Interaction.OVR.Editor", "Oculus.Interaction.OVR.Editor.csproj", "{48f64fb7-0cce-8570-163b-d5112544527d}"
EndProject
Project("{FAE04EC0-301F-11D3-BF4B-00C04F79EFBC}") = "Assembly-CSharp-Editor", "Assembly-CSharp-Editor.csproj", "{3e56e54e-3510-91b1-1c92-0ced74da2e3a}"
EndProject
Project("{FAE04EC0-301F-11D3-BF4B-00C04F79EFBC}") = "Oculus.Interaction.Samples.Editor", "Oculus.Interaction.Samples.Editor.csproj", "{a3f7a4e3-d52b-ec1e-1158-cb5d2923935b}"
EndProject
Project("{FAE04EC0-301F-11D3-BF4B-00C04F79EFBC}") = "Oculus.VR.Scripts.Editor", "Oculus.VR.Scripts.Editor.csproj", "{98c2a764-acf3-99b7-76c4-ffddaa5045bf}"
EndProject
Project("{FAE04EC0-301F-11D3-BF4B-00C04F79EFBC}") = "VoiceSDK.Editor", "VoiceSDK.Editor.csproj", "{e964c556-5df2-2d4d-b4ad-e1900e936391}"
EndProject
Project("{FAE04EC0-301F-11D3-BF4B-00C04F79EFBC}") = "Oculus.Spatializer.Editor", "Oculus.Spatializer.Editor.csproj", "{6bf81330-ba4e-7e20-75c5-2b726ecf2fe8}"
EndProject
Project("{FAE04EC0-301F-11D3-BF4B-00C04F79EFBC}") = "Meta.WitAi.TTS.Editor", "Meta.WitAi.TTS.Editor.csproj", "{7bf67e2d-a5ea-304a-e0c5-8bb638645c4a}"
EndProject
Project("{FAE04EC0-301F-11D3-BF4B-00C04F79EFBC}") = "Facebook.Wit.Dictation.Editor", "Facebook.Wit.Dictation.Editor.csproj", "{4632189b-797a-6bb5-b12e-de8332d95782}"
EndProject
Project("{FAE04EC0-301F-11D3-BF4B-00C04F79EFBC}") = "VoiceSDK.Dictation.Editor", "VoiceSDK.Dictation.Editor.csproj", "{c123fe64-7413-c68f-a80d-7997c37c83a7}"
EndProject
Project("{FAE04EC0-301F-11D3-BF4B-00C04F79EFBC}") = "Oculus.Platform.Editor", "Oculus.Platform.Editor.csproj", "{5b0ea8c7-c10c-9248-0bfc-79b77979e8de}"
EndProject
Project("{FAE04EC0-301F-11D3-BF4B-00C04F79EFBC}") = "Oculus.AudioManager.Audio.Editor", "Oculus.AudioManager.Audio.Editor.csproj", "{e510b24d-37d1-99a9-5dab-ea77ceb90d4d}"
EndProject
Project("{FAE04EC0-301F-11D3-BF4B-00C04F79EFBC}") = "Oculus.Interaction.InterfaceSupport", "Oculus.Interaction.InterfaceSupport.csproj", "{c5dc96e1-fa2a-d3c7-1437-de4b95c2e603}"
EndProject
Project("{FAE04EC0-301F-11D3-BF4B-00C04F79EFBC}") = "Oculus.LipSync.Editor", "Oculus.LipSync.Editor.csproj", "{53e33821-ae65-6fdd-baa3-6d6ed0870570}"
EndProject
Project("{FAE04EC0-301F-11D3-BF4B-00C04F79EFBC}") = "AssistantCoreSDKEditor", "AssistantCoreSDKEditor.csproj", "{1a8fe0e7-7b84-45bb-86fc-426664e17322}"
EndProject
Project("{FAE04EC0-301F-11D3-BF4B-00C04F79EFBC}") = "Oculus.AudioManager.Utils.Editor", "Oculus.AudioManager.Utils.Editor.csproj", "{21f5eb4e-1cfe-eb2d-2dd1-192e7112c1ba}"
EndProject
Project("{FAE04EC0-301F-11D3-BF4B-00C04F79EFBC}") = "Bhaptics.SDK2.Editor", "Bhaptics.SDK2.Editor.csproj", "{7b4980c2-eeab-a539-a8ee-104b4dc8ad00}"
EndProject
Global
	GlobalSection(SolutionConfigurationPlatforms) = preSolution
		Debug|Any CPU = Debug|Any CPU
	EndGlobalSection
	GlobalSection(ProjectConfigurationPlatforms) = postSolution
		{1f391107-bec8-dae3-46ca-c794442c3282}.Debug|Any CPU.ActiveCfg = Debug|Any CPU
		{1f391107-bec8-dae3-46ca-c794442c3282}.Debug|Any CPU.Build.0 = Debug|Any CPU
		{44fe7269-b414-9042-2002-da0110b398f6}.Debug|Any CPU.ActiveCfg = Debug|Any CPU
		{44fe7269-b414-9042-2002-da0110b398f6}.Debug|Any CPU.Build.0 = Debug|Any CPU
		{91061a7c-3fe2-7ca0-24ac-0aa8f2eeec1c}.Debug|Any CPU.ActiveCfg = Debug|Any CPU
		{91061a7c-3fe2-7ca0-24ac-0aa8f2eeec1c}.Debug|Any CPU.Build.0 = Debug|Any CPU
		{e52e7522-425f-b4b1-fe8b-cffd70f1fdce}.Debug|Any CPU.ActiveCfg = Debug|Any CPU
		{e52e7522-425f-b4b1-fe8b-cffd70f1fdce}.Debug|Any CPU.Build.0 = Debug|Any CPU
		{14ad9f9a-103d-0cc7-9241-23a4f109bf27}.Debug|Any CPU.ActiveCfg = Debug|Any CPU
		{14ad9f9a-103d-0cc7-9241-23a4f109bf27}.Debug|Any CPU.Build.0 = Debug|Any CPU
		{ac922f7f-6815-a806-0f39-6123c8c413bc}.Debug|Any CPU.ActiveCfg = Debug|Any CPU
		{ac922f7f-6815-a806-0f39-6123c8c413bc}.Debug|Any CPU.Build.0 = Debug|Any CPU
		{15eee475-1403-920e-f3aa-9473984e2495}.Debug|Any CPU.ActiveCfg = Debug|Any CPU
		{15eee475-1403-920e-f3aa-9473984e2495}.Debug|Any CPU.Build.0 = Debug|Any CPU
		{5f607c15-3452-47e6-69e5-0bfb1b7e4f2e}.Debug|Any CPU.ActiveCfg = Debug|Any CPU
		{5f607c15-3452-47e6-69e5-0bfb1b7e4f2e}.Debug|Any CPU.Build.0 = Debug|Any CPU
		{6f7f3247-cbda-6951-3b25-7a3decadbe24}.Debug|Any CPU.ActiveCfg = Debug|Any CPU
		{6f7f3247-cbda-6951-3b25-7a3decadbe24}.Debug|Any CPU.Build.0 = Debug|Any CPU
		{dd45d662-403b-7c8b-e140-316138d6e011}.Debug|Any CPU.ActiveCfg = Debug|Any CPU
		{dd45d662-403b-7c8b-e140-316138d6e011}.Debug|Any CPU.Build.0 = Debug|Any CPU
		{6ddce020-1df4-347f-f5ea-bcb9bdc9a4bc}.Debug|Any CPU.ActiveCfg = Debug|Any CPU
		{6ddce020-1df4-347f-f5ea-bcb9bdc9a4bc}.Debug|Any CPU.Build.0 = Debug|Any CPU
		{6ed4cf23-2004-bdd7-bf56-88c42a5e8244}.Debug|Any CPU.ActiveCfg = Debug|Any CPU
		{6ed4cf23-2004-bdd7-bf56-88c42a5e8244}.Debug|Any CPU.Build.0 = Debug|Any CPU
		{5ff59872-104d-ebd5-3793-c7fdb23de9ff}.Debug|Any CPU.ActiveCfg = Debug|Any CPU
		{5ff59872-104d-ebd5-3793-c7fdb23de9ff}.Debug|Any CPU.Build.0 = Debug|Any CPU
		{d2e079da-c825-47a5-2c4d-4a2b287969c1}.Debug|Any CPU.ActiveCfg = Debug|Any CPU
		{d2e079da-c825-47a5-2c4d-4a2b287969c1}.Debug|Any CPU.Build.0 = Debug|Any CPU
		{b274be11-7c13-2d86-1199-a4d36fa37bf6}.Debug|Any CPU.ActiveCfg = Debug|Any CPU
		{b274be11-7c13-2d86-1199-a4d36fa37bf6}.Debug|Any CPU.Build.0 = Debug|Any CPU
		{b04fb089-bbaa-450d-4807-8c7bf2d7d134}.Debug|Any CPU.ActiveCfg = Debug|Any CPU
		{b04fb089-bbaa-450d-4807-8c7bf2d7d134}.Debug|Any CPU.Build.0 = Debug|Any CPU
		{8ae40e9f-496f-4994-2ee2-6a5e4587dfc2}.Debug|Any CPU.ActiveCfg = Debug|Any CPU
		{8ae40e9f-496f-4994-2ee2-6a5e4587dfc2}.Debug|Any CPU.Build.0 = Debug|Any CPU
		{21e0a695-b360-39f1-1750-559d2db24d9c}.Debug|Any CPU.ActiveCfg = Debug|Any CPU
		{21e0a695-b360-39f1-1750-559d2db24d9c}.Debug|Any CPU.Build.0 = Debug|Any CPU
		{df2b3614-647a-b2ed-0c1f-e328b5e4205e}.Debug|Any CPU.ActiveCfg = Debug|Any CPU
		{df2b3614-647a-b2ed-0c1f-e328b5e4205e}.Debug|Any CPU.Build.0 = Debug|Any CPU
		{87b2fbe2-2e9b-7f5a-c45b-82eb7d85bf83}.Debug|Any CPU.ActiveCfg = Debug|Any CPU
		{87b2fbe2-2e9b-7f5a-c45b-82eb7d85bf83}.Debug|Any CPU.Build.0 = Debug|Any CPU
		{57bdbdfd-57b9-e6bc-ee10-a2382045854f}.Debug|Any CPU.ActiveCfg = Debug|Any CPU
		{57bdbdfd-57b9-e6bc-ee10-a2382045854f}.Debug|Any CPU.Build.0 = Debug|Any CPU
		{941a229a-da20-af26-03a0-5af41ce30052}.Debug|Any CPU.ActiveCfg = Debug|Any CPU
		{941a229a-da20-af26-03a0-5af41ce30052}.Debug|Any CPU.Build.0 = Debug|Any CPU
		{0eaec2ef-3248-fa6a-d6da-ce63a6be1e7a}.Debug|Any CPU.ActiveCfg = Debug|Any CPU
		{0eaec2ef-3248-fa6a-d6da-ce63a6be1e7a}.Debug|Any CPU.Build.0 = Debug|Any CPU
		{7ca31af6-cc3d-14ba-7beb-dd3a4e0b1b10}.Debug|Any CPU.ActiveCfg = Debug|Any CPU
		{7ca31af6-cc3d-14ba-7beb-dd3a4e0b1b10}.Debug|Any CPU.Build.0 = Debug|Any CPU
		{baf68e30-95e5-44c2-6771-44ba43d97ad1}.Debug|Any CPU.ActiveCfg = Debug|Any CPU
		{baf68e30-95e5-44c2-6771-44ba43d97ad1}.Debug|Any CPU.Build.0 = Debug|Any CPU
		{a4e32c03-1c0d-a2e1-78d2-a5b5ce88c937}.Debug|Any CPU.ActiveCfg = Debug|Any CPU
		{a4e32c03-1c0d-a2e1-78d2-a5b5ce88c937}.Debug|Any CPU.Build.0 = Debug|Any CPU
		{07d5ea26-fe94-5c4a-002b-4ea040988003}.Debug|Any CPU.ActiveCfg = Debug|Any CPU
		{07d5ea26-fe94-5c4a-002b-4ea040988003}.Debug|Any CPU.Build.0 = Debug|Any CPU
		{8c5ae0aa-4d33-73ff-fb63-ec4bd1803c3c}.Debug|Any CPU.ActiveCfg = Debug|Any CPU
		{8c5ae0aa-4d33-73ff-fb63-ec4bd1803c3c}.Debug|Any CPU.Build.0 = Debug|Any CPU
		{48f64fb7-0cce-8570-163b-d5112544527d}.Debug|Any CPU.ActiveCfg = Debug|Any CPU
		{48f64fb7-0cce-8570-163b-d5112544527d}.Debug|Any CPU.Build.0 = Debug|Any CPU
		{3e56e54e-3510-91b1-1c92-0ced74da2e3a}.Debug|Any CPU.ActiveCfg = Debug|Any CPU
		{3e56e54e-3510-91b1-1c92-0ced74da2e3a}.Debug|Any CPU.Build.0 = Debug|Any CPU
		{a3f7a4e3-d52b-ec1e-1158-cb5d2923935b}.Debug|Any CPU.ActiveCfg = Debug|Any CPU
		{a3f7a4e3-d52b-ec1e-1158-cb5d2923935b}.Debug|Any CPU.Build.0 = Debug|Any CPU
		{98c2a764-acf3-99b7-76c4-ffddaa5045bf}.Debug|Any CPU.ActiveCfg = Debug|Any CPU
		{98c2a764-acf3-99b7-76c4-ffddaa5045bf}.Debug|Any CPU.Build.0 = Debug|Any CPU
		{e964c556-5df2-2d4d-b4ad-e1900e936391}.Debug|Any CPU.ActiveCfg = Debug|Any CPU
		{e964c556-5df2-2d4d-b4ad-e1900e936391}.Debug|Any CPU.Build.0 = Debug|Any CPU
		{6bf81330-ba4e-7e20-75c5-2b726ecf2fe8}.Debug|Any CPU.ActiveCfg = Debug|Any CPU
		{6bf81330-ba4e-7e20-75c5-2b726ecf2fe8}.Debug|Any CPU.Build.0 = Debug|Any CPU
		{7bf67e2d-a5ea-304a-e0c5-8bb638645c4a}.Debug|Any CPU.ActiveCfg = Debug|Any CPU
		{7bf67e2d-a5ea-304a-e0c5-8bb638645c4a}.Debug|Any CPU.Build.0 = Debug|Any CPU
		{4632189b-797a-6bb5-b12e-de8332d95782}.Debug|Any CPU.ActiveCfg = Debug|Any CPU
		{4632189b-797a-6bb5-b12e-de8332d95782}.Debug|Any CPU.Build.0 = Debug|Any CPU
		{c123fe64-7413-c68f-a80d-7997c37c83a7}.Debug|Any CPU.ActiveCfg = Debug|Any CPU
		{c123fe64-7413-c68f-a80d-7997c37c83a7}.Debug|Any CPU.Build.0 = Debug|Any CPU
		{5b0ea8c7-c10c-9248-0bfc-79b77979e8de}.Debug|Any CPU.ActiveCfg = Debug|Any CPU
		{5b0ea8c7-c10c-9248-0bfc-79b77979e8de}.Debug|Any CPU.Build.0 = Debug|Any CPU
		{e510b24d-37d1-99a9-5dab-ea77ceb90d4d}.Debug|Any CPU.ActiveCfg = Debug|Any CPU
		{e510b24d-37d1-99a9-5dab-ea77ceb90d4d}.Debug|Any CPU.Build.0 = Debug|Any CPU
		{c5dc96e1-fa2a-d3c7-1437-de4b95c2e603}.Debug|Any CPU.ActiveCfg = Debug|Any CPU
		{c5dc96e1-fa2a-d3c7-1437-de4b95c2e603}.Debug|Any CPU.Build.0 = Debug|Any CPU
		{53e33821-ae65-6fdd-baa3-6d6ed0870570}.Debug|Any CPU.ActiveCfg = Debug|Any CPU
		{53e33821-ae65-6fdd-baa3-6d6ed0870570}.Debug|Any CPU.Build.0 = Debug|Any CPU
		{1a8fe0e7-7b84-45bb-86fc-426664e17322}.Debug|Any CPU.ActiveCfg = Debug|Any CPU
		{1a8fe0e7-7b84-45bb-86fc-426664e17322}.Debug|Any CPU.Build.0 = Debug|Any CPU
		{21f5eb4e-1cfe-eb2d-2dd1-192e7112c1ba}.Debug|Any CPU.ActiveCfg = Debug|Any CPU
		{21f5eb4e-1cfe-eb2d-2dd1-192e7112c1ba}.Debug|Any CPU.Build.0 = Debug|Any CPU
		{7b4980c2-eeab-a539-a8ee-104b4dc8ad00}.Debug|Any CPU.ActiveCfg = Debug|Any CPU
		{7b4980c2-eeab-a539-a8ee-104b4dc8ad00}.Debug|Any CPU.Build.0 = Debug|Any CPU
	EndGlobalSection
	GlobalSection(SolutionProperties) = preSolution
		HideSolutionNode = FALSE
	EndGlobalSection
EndGlobal
