
Microsoft Visual Studio Solution File, Format Version 12.00
# Visual Studio 15
Project("{FAE04EC0-301F-11D3-BF4B-00C04F79EFBC}") = "Oculus.Platform", "Oculus.Platform.csproj", "{0711391F-C8BE-E3DA-46CA-C794442C3282}"
EndProject
Project("{FAE04EC0-301F-11D3-BF4B-00C04F79EFBC}") = "Assembly-CSharp", "Assembly-CSharp.csproj", "{6972FE44-14B4-4290-2002-DA0110B398F6}"
EndProject
Project("{FAE04EC0-301F-11D3-BF4B-00C04F79EFBC}") = "Oculus.Spatializer", "Oculus.Spatializer.csproj", "{7C1A0691-E23F-A07C-24AC-0AA8F2EEEC1C}"
EndProject
Project("{FAE04EC0-301F-11D3-BF4B-00C04F79EFBC}") = "Oculus.Interaction", "Oculus.Interaction.csproj", "{22752EE5-5F42-B1B4-FE8B-CFFD70F1FDCE}"
EndProject
Project("{FAE04EC0-301F-11D3-BF4B-00C04F79EFBC}") = "Meta.WitAi", "Meta.WitAi.csproj", "{9A9FAD14-3D10-C70C-9241-23A4F109BF27}"
EndProject
Project("{FAE04EC0-301F-11D3-BF4B-00C04F79EFBC}") = "Oculus.Interaction.OVR.Samples", "Oculus.Interaction.OVR.Samples.csproj", "{7F2F92AC-1568-06A8-0F39-6123C8C413BC}"
EndProject
Project("{FAE04EC0-301F-11D3-BF4B-00C04F79EFBC}") = "Oculus.VR", "Oculus.VR.csproj", "{75E4EE15-0314-0E92-F3AA-9473984E2495}"
EndProject
Project("{FAE04EC0-301F-11D3-BF4B-00C04F79EFBC}") = "VoiceSDK.Dictation.Runtime", "VoiceSDK.Dictation.Runtime.csproj", "{157C605F-5234-E647-69E5-0BFB1B7E4F2E}"
EndProject
Project("{FAE04EC0-301F-11D3-BF4B-00C04F79EFBC}") = "Meta.WitAi.TTS", "Meta.WitAi.TTS.csproj", "{47327F6F-DACB-5169-3B25-7A3DECADBE24}"
EndProject
Project("{FAE04EC0-301F-11D3-BF4B-00C04F79EFBC}") = "Oculus.AudioManager", "Oculus.AudioManager.csproj", "{62D645DD-3B40-8B7C-E140-316138D6E011}"
EndProject
Project("{FAE04EC0-301F-11D3-BF4B-00C04F79EFBC}") = "VoiceSDK.Runtime", "VoiceSDK.Runtime.csproj", "{20E0DC6D-F41D-7F34-F5EA-BCB9BDC9A4BC}"
EndProject
Project("{FAE04EC0-301F-11D3-BF4B-00C04F79EFBC}") = "Facebook.Wit.Dictation", "Facebook.Wit.Dictation.csproj", "{23CFD46E-0420-D7BD-BF56-88C42A5E8244}"
EndProject
Project("{FAE04EC0-301F-11D3-BF4B-00C04F79EFBC}") = "Meta.WitAi.Lib", "Meta.WitAi.Lib.csproj", "{7298F55F-4D10-D5EB-3793-C7FDB23DE9FF}"
EndProject
Project("{FAE04EC0-301F-11D3-BF4B-00C04F79EFBC}") = "Meta.WitAi.TTS.Samples", "Meta.WitAi.TTS.Samples.csproj", "{DA79E0D2-25C8-A547-2C4D-4A2B287969C1}"
EndProject
Project("{FAE04EC0-301F-11D3-BF4B-00C04F79EFBC}") = "Oculus.Voice.Demo", "Oculus.Voice.Demo.csproj", "{11BE74B2-137C-862D-1199-A4D36FA37BF6}"
EndProject
Project("{FAE04EC0-301F-11D3-BF4B-00C04F79EFBC}") = "Oculus.Interaction.OVR", "Oculus.Interaction.OVR.csproj", "{89B04FB0-AABB-0D45-4807-8C7BF2D7D134}"
EndProject
Project("{FAE04EC0-301F-11D3-BF4B-00C04F79EFBC}") = "AssistantCoreSDKRuntime", "AssistantCoreSDKRuntime.csproj", "{9F0EE48A-6F49-9449-2EE2-6A5E4587DFC2}"
EndProject
Project("{FAE04EC0-301F-11D3-BF4B-00C04F79EFBC}") = "Meta.WitAi.Conduit", "Meta.WitAi.Conduit.csproj", "{95A6E021-60B3-F139-1750-559D2DB24D9C}"
EndProject
Project("{FAE04EC0-301F-11D3-BF4B-00C04F79EFBC}") = "Oculus.LipSync", "Oculus.LipSync.csproj", "{14362BDF-7A64-EDB2-0C1F-E328B5E4205E}"
EndProject
Project("{FAE04EC0-301F-11D3-BF4B-00C04F79EFBC}") = "Bhaptics.SDK2", "Bhaptics.SDK2.csproj", "{EFC2AE0E-4832-6AFA-D6DA-CE63A6BE1E7A}"
EndProject
Project("{FAE04EC0-301F-11D3-BF4B-00C04F79EFBC}") = "Meta.VoiceSDK.Mic.Other", "Meta.VoiceSDK.Mic.Other.csproj", "{E2FBB287-9B2E-5A7F-C45B-82EB7D85BF83}"
EndProject
Project("{FAE04EC0-301F-11D3-BF4B-00C04F79EFBC}") = "Meta.VoiceSDK.Mic.Common", "Meta.VoiceSDK.Mic.Common.csproj", "{FDBDBD57-B957-BCE6-EE10-A2382045854F}"
EndProject
Project("{FAE04EC0-301F-11D3-BF4B-00C04F79EFBC}") = "Meta.VoiceSDK.Mic.WebGL", "Meta.VoiceSDK.Mic.WebGL.csproj", "{9A221A94-20DA-26AF-03A0-5AF41CE30052}"
EndProject
Project("{FAE04EC0-301F-11D3-BF4B-00C04F79EFBC}") = "Meta.WitAi.Editor", "Meta.WitAi.Editor.csproj", "{F61AA37C-3DCC-BA14-7BEB-DD3A4E0B1B10}"
EndProject
Project("{FAE04EC0-301F-11D3-BF4B-00C04F79EFBC}") = "Meta.WitAi.Conduit.Editor", "Meta.WitAi.Conduit.Editor.csproj", "{308EF6BA-E595-C244-6771-44BA43D97AD1}"
EndProject
Project("{FAE04EC0-301F-11D3-BF4B-00C04F79EFBC}") = "Oculus.Interaction.Editor", "Oculus.Interaction.Editor.csproj", "{032CE3A4-0D1C-E1A2-78D2-A5B5CE88C937}"
EndProject
Project("{FAE04EC0-301F-11D3-BF4B-00C04F79EFBC}") = "Meta.WitAI.Lib.Editor", "Meta.WitAI.Lib.Editor.csproj", "{26EAD507-94FE-4A5C-002B-4EA040988003}"
EndProject
Project("{FAE04EC0-301F-11D3-BF4B-00C04F79EFBC}") = "Oculus.VR.Editor", "Oculus.VR.Editor.csproj", "{AAE05A8C-334D-FF73-FB63-EC4BD1803C3C}"
EndProject
Project("{FAE04EC0-301F-11D3-BF4B-00C04F79EFBC}") = "Oculus.Interaction.OVR.Editor", "Oculus.Interaction.OVR.Editor.csproj", "{B74FF648-CE0C-7085-163B-D5112544527D}"
EndProject
Project("{FAE04EC0-301F-11D3-BF4B-00C04F79EFBC}") = "Assembly-CSharp-Editor", "Assembly-CSharp-Editor.csproj", "{4EE5563E-1035-B191-1C92-0CED74DA2E3A}"
EndProject
Project("{FAE04EC0-301F-11D3-BF4B-00C04F79EFBC}") = "Oculus.Interaction.Samples.Editor", "Oculus.Interaction.Samples.Editor.csproj", "{E3A4F7A3-2BD5-1EEC-1158-CB5D2923935B}"
EndProject
Project("{FAE04EC0-301F-11D3-BF4B-00C04F79EFBC}") = "Oculus.VR.Scripts.Editor", "Oculus.VR.Scripts.Editor.csproj", "{64A7C298-F3AC-B799-76C4-FFDDAA5045BF}"
EndProject
Project("{FAE04EC0-301F-11D3-BF4B-00C04F79EFBC}") = "VoiceSDK.Editor", "VoiceSDK.Editor.csproj", "{56C564E9-F25D-4D2D-B4AD-E1900E936391}"
EndProject
Project("{FAE04EC0-301F-11D3-BF4B-00C04F79EFBC}") = "Oculus.Spatializer.Editor", "Oculus.Spatializer.Editor.csproj", "{3013F86B-4EBA-207E-75C5-2B726ECF2FE8}"
EndProject
Project("{FAE04EC0-301F-11D3-BF4B-00C04F79EFBC}") = "Meta.WitAi.TTS.Editor", "Meta.WitAi.TTS.Editor.csproj", "{2D7EF67B-EAA5-4A30-E0C5-8BB638645C4A}"
EndProject
Project("{FAE04EC0-301F-11D3-BF4B-00C04F79EFBC}") = "Facebook.Wit.Dictation.Editor", "Facebook.Wit.Dictation.Editor.csproj", "{9B183246-7A79-B56B-B12E-DE8332D95782}"
EndProject
Project("{FAE04EC0-301F-11D3-BF4B-00C04F79EFBC}") = "VoiceSDK.Dictation.Editor", "VoiceSDK.Dictation.Editor.csproj", "{64FE23C1-1374-8FC6-A80D-7997C37C83A7}"
EndProject
Project("{FAE04EC0-301F-11D3-BF4B-00C04F79EFBC}") = "Oculus.Platform.Editor", "Oculus.Platform.Editor.csproj", "{C7A80E5B-0CC1-4892-0BFC-79B77979E8DE}"
EndProject
Project("{FAE04EC0-301F-11D3-BF4B-00C04F79EFBC}") = "Oculus.AudioManager.Audio.Editor", "Oculus.AudioManager.Audio.Editor.csproj", "{4DB210E5-D137-A999-5DAB-EA77CEB90D4D}"
EndProject
Project("{FAE04EC0-301F-11D3-BF4B-00C04F79EFBC}") = "Oculus.Interaction.InterfaceSupport", "Oculus.Interaction.InterfaceSupport.csproj", "{E196DCC5-2AFA-C7D3-1437-DE4B95C2E603}"
EndProject
Project("{FAE04EC0-301F-11D3-BF4B-00C04F79EFBC}") = "Bhaptics.SDK2.Editor", "Bhaptics.SDK2.Editor.csproj", "{C280497B-ABEE-39A5-A8EE-104B4DC8AD00}"
EndProject
Project("{FAE04EC0-301F-11D3-BF4B-00C04F79EFBC}") = "Oculus.LipSync.Editor", "Oculus.LipSync.Editor.csproj", "{2138E353-65AE-DD6F-BAA3-6D6ED0870570}"
EndProject
Project("{FAE04EC0-301F-11D3-BF4B-00C04F79EFBC}") = "AssistantCoreSDKEditor", "AssistantCoreSDKEditor.csproj", "{E7E08F1A-847B-BB45-86FC-426664E17322}"
EndProject
Project("{FAE04EC0-301F-11D3-BF4B-00C04F79EFBC}") = "Oculus.AudioManager.Utils.Editor", "Oculus.AudioManager.Utils.Editor.csproj", "{4EEBF521-FE1C-2DEB-2DD1-192E7112C1BA}"
EndProject
Global
	GlobalSection(SolutionConfigurationPlatforms) = preSolution
		Debug|Any CPU = Debug|Any CPU
		Release|Any CPU = Release|Any CPU
	EndGlobalSection
	GlobalSection(ProjectConfigurationPlatforms) = postSolution
		{0711391F-C8BE-E3DA-46CA-C794442C3282}.Debug|Any CPU.ActiveCfg = Debug|Any CPU
		{0711391F-C8BE-E3DA-46CA-C794442C3282}.Debug|Any CPU.Build.0 = Debug|Any CPU
		{0711391F-C8BE-E3DA-46CA-C794442C3282}.Release|Any CPU.ActiveCfg = Release|Any CPU
		{0711391F-C8BE-E3DA-46CA-C794442C3282}.Release|Any CPU.Build.0 = Release|Any CPU
		{6972FE44-14B4-4290-2002-DA0110B398F6}.Debug|Any CPU.ActiveCfg = Debug|Any CPU
		{6972FE44-14B4-4290-2002-DA0110B398F6}.Debug|Any CPU.Build.0 = Debug|Any CPU
		{6972FE44-14B4-4290-2002-DA0110B398F6}.Release|Any CPU.ActiveCfg = Release|Any CPU
		{6972FE44-14B4-4290-2002-DA0110B398F6}.Release|Any CPU.Build.0 = Release|Any CPU
		{7C1A0691-E23F-A07C-24AC-0AA8F2EEEC1C}.Debug|Any CPU.ActiveCfg = Debug|Any CPU
		{7C1A0691-E23F-A07C-24AC-0AA8F2EEEC1C}.Debug|Any CPU.Build.0 = Debug|Any CPU
		{7C1A0691-E23F-A07C-24AC-0AA8F2EEEC1C}.Release|Any CPU.ActiveCfg = Release|Any CPU
		{7C1A0691-E23F-A07C-24AC-0AA8F2EEEC1C}.Release|Any CPU.Build.0 = Release|Any CPU
		{22752EE5-5F42-B1B4-FE8B-CFFD70F1FDCE}.Debug|Any CPU.ActiveCfg = Debug|Any CPU
		{22752EE5-5F42-B1B4-FE8B-CFFD70F1FDCE}.Debug|Any CPU.Build.0 = Debug|Any CPU
		{22752EE5-5F42-B1B4-FE8B-CFFD70F1FDCE}.Release|Any CPU.ActiveCfg = Release|Any CPU
		{22752EE5-5F42-B1B4-FE8B-CFFD70F1FDCE}.Release|Any CPU.Build.0 = Release|Any CPU
		{9A9FAD14-3D10-C70C-9241-23A4F109BF27}.Debug|Any CPU.ActiveCfg = Debug|Any CPU
		{9A9FAD14-3D10-C70C-9241-23A4F109BF27}.Debug|Any CPU.Build.0 = Debug|Any CPU
		{9A9FAD14-3D10-C70C-9241-23A4F109BF27}.Release|Any CPU.ActiveCfg = Release|Any CPU
		{9A9FAD14-3D10-C70C-9241-23A4F109BF27}.Release|Any CPU.Build.0 = Release|Any CPU
		{7F2F92AC-1568-06A8-0F39-6123C8C413BC}.Debug|Any CPU.ActiveCfg = Debug|Any CPU
		{7F2F92AC-1568-06A8-0F39-6123C8C413BC}.Debug|Any CPU.Build.0 = Debug|Any CPU
		{7F2F92AC-1568-06A8-0F39-6123C8C413BC}.Release|Any CPU.ActiveCfg = Release|Any CPU
		{7F2F92AC-1568-06A8-0F39-6123C8C413BC}.Release|Any CPU.Build.0 = Release|Any CPU
		{75E4EE15-0314-0E92-F3AA-9473984E2495}.Debug|Any CPU.ActiveCfg = Debug|Any CPU
		{75E4EE15-0314-0E92-F3AA-9473984E2495}.Debug|Any CPU.Build.0 = Debug|Any CPU
		{75E4EE15-0314-0E92-F3AA-9473984E2495}.Release|Any CPU.ActiveCfg = Release|Any CPU
		{75E4EE15-0314-0E92-F3AA-9473984E2495}.Release|Any CPU.Build.0 = Release|Any CPU
		{157C605F-5234-E647-69E5-0BFB1B7E4F2E}.Debug|Any CPU.ActiveCfg = Debug|Any CPU
		{157C605F-5234-E647-69E5-0BFB1B7E4F2E}.Debug|Any CPU.Build.0 = Debug|Any CPU
		{157C605F-5234-E647-69E5-0BFB1B7E4F2E}.Release|Any CPU.ActiveCfg = Release|Any CPU
		{157C605F-5234-E647-69E5-0BFB1B7E4F2E}.Release|Any CPU.Build.0 = Release|Any CPU
		{47327F6F-DACB-5169-3B25-7A3DECADBE24}.Debug|Any CPU.ActiveCfg = Debug|Any CPU
		{47327F6F-DACB-5169-3B25-7A3DECADBE24}.Debug|Any CPU.Build.0 = Debug|Any CPU
		{47327F6F-DACB-5169-3B25-7A3DECADBE24}.Release|Any CPU.ActiveCfg = Release|Any CPU
		{47327F6F-DACB-5169-3B25-7A3DECADBE24}.Release|Any CPU.Build.0 = Release|Any CPU
		{62D645DD-3B40-8B7C-E140-316138D6E011}.Debug|Any CPU.ActiveCfg = Debug|Any CPU
		{62D645DD-3B40-8B7C-E140-316138D6E011}.Debug|Any CPU.Build.0 = Debug|Any CPU
		{62D645DD-3B40-8B7C-E140-316138D6E011}.Release|Any CPU.ActiveCfg = Release|Any CPU
		{62D645DD-3B40-8B7C-E140-316138D6E011}.Release|Any CPU.Build.0 = Release|Any CPU
		{20E0DC6D-F41D-7F34-F5EA-BCB9BDC9A4BC}.Debug|Any CPU.ActiveCfg = Debug|Any CPU
		{20E0DC6D-F41D-7F34-F5EA-BCB9BDC9A4BC}.Debug|Any CPU.Build.0 = Debug|Any CPU
		{20E0DC6D-F41D-7F34-F5EA-BCB9BDC9A4BC}.Release|Any CPU.ActiveCfg = Release|Any CPU
		{20E0DC6D-F41D-7F34-F5EA-BCB9BDC9A4BC}.Release|Any CPU.Build.0 = Release|Any CPU
		{23CFD46E-0420-D7BD-BF56-88C42A5E8244}.Debug|Any CPU.ActiveCfg = Debug|Any CPU
		{23CFD46E-0420-D7BD-BF56-88C42A5E8244}.Debug|Any CPU.Build.0 = Debug|Any CPU
		{23CFD46E-0420-D7BD-BF56-88C42A5E8244}.Release|Any CPU.ActiveCfg = Release|Any CPU
		{23CFD46E-0420-D7BD-BF56-88C42A5E8244}.Release|Any CPU.Build.0 = Release|Any CPU
		{7298F55F-4D10-D5EB-3793-C7FDB23DE9FF}.Debug|Any CPU.ActiveCfg = Debug|Any CPU
		{7298F55F-4D10-D5EB-3793-C7FDB23DE9FF}.Debug|Any CPU.Build.0 = Debug|Any CPU
		{7298F55F-4D10-D5EB-3793-C7FDB23DE9FF}.Release|Any CPU.ActiveCfg = Release|Any CPU
		{7298F55F-4D10-D5EB-3793-C7FDB23DE9FF}.Release|Any CPU.Build.0 = Release|Any CPU
		{DA79E0D2-25C8-A547-2C4D-4A2B287969C1}.Debug|Any CPU.ActiveCfg = Debug|Any CPU
		{DA79E0D2-25C8-A547-2C4D-4A2B287969C1}.Debug|Any CPU.Build.0 = Debug|Any CPU
		{DA79E0D2-25C8-A547-2C4D-4A2B287969C1}.Release|Any CPU.ActiveCfg = Release|Any CPU
		{DA79E0D2-25C8-A547-2C4D-4A2B287969C1}.Release|Any CPU.Build.0 = Release|Any CPU
		{11BE74B2-137C-862D-1199-A4D36FA37BF6}.Debug|Any CPU.ActiveCfg = Debug|Any CPU
		{11BE74B2-137C-862D-1199-A4D36FA37BF6}.Debug|Any CPU.Build.0 = Debug|Any CPU
		{11BE74B2-137C-862D-1199-A4D36FA37BF6}.Release|Any CPU.ActiveCfg = Release|Any CPU
		{11BE74B2-137C-862D-1199-A4D36FA37BF6}.Release|Any CPU.Build.0 = Release|Any CPU
		{89B04FB0-AABB-0D45-4807-8C7BF2D7D134}.Debug|Any CPU.ActiveCfg = Debug|Any CPU
		{89B04FB0-AABB-0D45-4807-8C7BF2D7D134}.Debug|Any CPU.Build.0 = Debug|Any CPU
		{89B04FB0-AABB-0D45-4807-8C7BF2D7D134}.Release|Any CPU.ActiveCfg = Release|Any CPU
		{89B04FB0-AABB-0D45-4807-8C7BF2D7D134}.Release|Any CPU.Build.0 = Release|Any CPU
		{9F0EE48A-6F49-9449-2EE2-6A5E4587DFC2}.Debug|Any CPU.ActiveCfg = Debug|Any CPU
		{9F0EE48A-6F49-9449-2EE2-6A5E4587DFC2}.Debug|Any CPU.Build.0 = Debug|Any CPU
		{9F0EE48A-6F49-9449-2EE2-6A5E4587DFC2}.Release|Any CPU.ActiveCfg = Release|Any CPU
		{9F0EE48A-6F49-9449-2EE2-6A5E4587DFC2}.Release|Any CPU.Build.0 = Release|Any CPU
		{95A6E021-60B3-F139-1750-559D2DB24D9C}.Debug|Any CPU.ActiveCfg = Debug|Any CPU
		{95A6E021-60B3-F139-1750-559D2DB24D9C}.Debug|Any CPU.Build.0 = Debug|Any CPU
		{95A6E021-60B3-F139-1750-559D2DB24D9C}.Release|Any CPU.ActiveCfg = Release|Any CPU
		{95A6E021-60B3-F139-1750-559D2DB24D9C}.Release|Any CPU.Build.0 = Release|Any CPU
		{14362BDF-7A64-EDB2-0C1F-E328B5E4205E}.Debug|Any CPU.ActiveCfg = Debug|Any CPU
		{14362BDF-7A64-EDB2-0C1F-E328B5E4205E}.Debug|Any CPU.Build.0 = Debug|Any CPU
		{14362BDF-7A64-EDB2-0C1F-E328B5E4205E}.Release|Any CPU.ActiveCfg = Release|Any CPU
		{14362BDF-7A64-EDB2-0C1F-E328B5E4205E}.Release|Any CPU.Build.0 = Release|Any CPU
		{EFC2AE0E-4832-6AFA-D6DA-CE63A6BE1E7A}.Debug|Any CPU.ActiveCfg = Debug|Any CPU
		{EFC2AE0E-4832-6AFA-D6DA-CE63A6BE1E7A}.Debug|Any CPU.Build.0 = Debug|Any CPU
		{EFC2AE0E-4832-6AFA-D6DA-CE63A6BE1E7A}.Release|Any CPU.ActiveCfg = Release|Any CPU
		{EFC2AE0E-4832-6AFA-D6DA-CE63A6BE1E7A}.Release|Any CPU.Build.0 = Release|Any CPU
		{E2FBB287-9B2E-5A7F-C45B-82EB7D85BF83}.Debug|Any CPU.ActiveCfg = Debug|Any CPU
		{E2FBB287-9B2E-5A7F-C45B-82EB7D85BF83}.Debug|Any CPU.Build.0 = Debug|Any CPU
		{E2FBB287-9B2E-5A7F-C45B-82EB7D85BF83}.Release|Any CPU.ActiveCfg = Release|Any CPU
		{E2FBB287-9B2E-5A7F-C45B-82EB7D85BF83}.Release|Any CPU.Build.0 = Release|Any CPU
		{FDBDBD57-B957-BCE6-EE10-A2382045854F}.Debug|Any CPU.ActiveCfg = Debug|Any CPU
		{FDBDBD57-B957-BCE6-EE10-A2382045854F}.Debug|Any CPU.Build.0 = Debug|Any CPU
		{FDBDBD57-B957-BCE6-EE10-A2382045854F}.Release|Any CPU.ActiveCfg = Release|Any CPU
		{FDBDBD57-B957-BCE6-EE10-A2382045854F}.Release|Any CPU.Build.0 = Release|Any CPU
		{9A221A94-20DA-26AF-03A0-5AF41CE30052}.Debug|Any CPU.ActiveCfg = Debug|Any CPU
		{9A221A94-20DA-26AF-03A0-5AF41CE30052}.Debug|Any CPU.Build.0 = Debug|Any CPU
		{9A221A94-20DA-26AF-03A0-5AF41CE30052}.Release|Any CPU.ActiveCfg = Release|Any CPU
		{9A221A94-20DA-26AF-03A0-5AF41CE30052}.Release|Any CPU.Build.0 = Release|Any CPU
		{F61AA37C-3DCC-BA14-7BEB-DD3A4E0B1B10}.Debug|Any CPU.ActiveCfg = Debug|Any CPU
		{F61AA37C-3DCC-BA14-7BEB-DD3A4E0B1B10}.Debug|Any CPU.Build.0 = Debug|Any CPU
		{F61AA37C-3DCC-BA14-7BEB-DD3A4E0B1B10}.Release|Any CPU.ActiveCfg = Release|Any CPU
		{F61AA37C-3DCC-BA14-7BEB-DD3A4E0B1B10}.Release|Any CPU.Build.0 = Release|Any CPU
		{308EF6BA-E595-C244-6771-44BA43D97AD1}.Debug|Any CPU.ActiveCfg = Debug|Any CPU
		{308EF6BA-E595-C244-6771-44BA43D97AD1}.Debug|Any CPU.Build.0 = Debug|Any CPU
		{308EF6BA-E595-C244-6771-44BA43D97AD1}.Release|Any CPU.ActiveCfg = Release|Any CPU
		{308EF6BA-E595-C244-6771-44BA43D97AD1}.Release|Any CPU.Build.0 = Release|Any CPU
		{032CE3A4-0D1C-E1A2-78D2-A5B5CE88C937}.Debug|Any CPU.ActiveCfg = Debug|Any CPU
		{032CE3A4-0D1C-E1A2-78D2-A5B5CE88C937}.Debug|Any CPU.Build.0 = Debug|Any CPU
		{032CE3A4-0D1C-E1A2-78D2-A5B5CE88C937}.Release|Any CPU.ActiveCfg = Release|Any CPU
		{032CE3A4-0D1C-E1A2-78D2-A5B5CE88C937}.Release|Any CPU.Build.0 = Release|Any CPU
		{26EAD507-94FE-4A5C-002B-4EA040988003}.Debug|Any CPU.ActiveCfg = Debug|Any CPU
		{26EAD507-94FE-4A5C-002B-4EA040988003}.Debug|Any CPU.Build.0 = Debug|Any CPU
		{26EAD507-94FE-4A5C-002B-4EA040988003}.Release|Any CPU.ActiveCfg = Release|Any CPU
		{26EAD507-94FE-4A5C-002B-4EA040988003}.Release|Any CPU.Build.0 = Release|Any CPU
		{AAE05A8C-334D-FF73-FB63-EC4BD1803C3C}.Debug|Any CPU.ActiveCfg = Debug|Any CPU
		{AAE05A8C-334D-FF73-FB63-EC4BD1803C3C}.Debug|Any CPU.Build.0 = Debug|Any CPU
		{AAE05A8C-334D-FF73-FB63-EC4BD1803C3C}.Release|Any CPU.ActiveCfg = Release|Any CPU
		{AAE05A8C-334D-FF73-FB63-EC4BD1803C3C}.Release|Any CPU.Build.0 = Release|Any CPU
		{B74FF648-CE0C-7085-163B-D5112544527D}.Debug|Any CPU.ActiveCfg = Debug|Any CPU
		{B74FF648-CE0C-7085-163B-D5112544527D}.Debug|Any CPU.Build.0 = Debug|Any CPU
		{B74FF648-CE0C-7085-163B-D5112544527D}.Release|Any CPU.ActiveCfg = Release|Any CPU
		{B74FF648-CE0C-7085-163B-D5112544527D}.Release|Any CPU.Build.0 = Release|Any CPU
		{4EE5563E-1035-B191-1C92-0CED74DA2E3A}.Debug|Any CPU.ActiveCfg = Debug|Any CPU
		{4EE5563E-1035-B191-1C92-0CED74DA2E3A}.Debug|Any CPU.Build.0 = Debug|Any CPU
		{4EE5563E-1035-B191-1C92-0CED74DA2E3A}.Release|Any CPU.ActiveCfg = Release|Any CPU
		{4EE5563E-1035-B191-1C92-0CED74DA2E3A}.Release|Any CPU.Build.0 = Release|Any CPU
		{E3A4F7A3-2BD5-1EEC-1158-CB5D2923935B}.Debug|Any CPU.ActiveCfg = Debug|Any CPU
		{E3A4F7A3-2BD5-1EEC-1158-CB5D2923935B}.Debug|Any CPU.Build.0 = Debug|Any CPU
		{E3A4F7A3-2BD5-1EEC-1158-CB5D2923935B}.Release|Any CPU.ActiveCfg = Release|Any CPU
		{E3A4F7A3-2BD5-1EEC-1158-CB5D2923935B}.Release|Any CPU.Build.0 = Release|Any CPU
		{64A7C298-F3AC-B799-76C4-FFDDAA5045BF}.Debug|Any CPU.ActiveCfg = Debug|Any CPU
		{64A7C298-F3AC-B799-76C4-FFDDAA5045BF}.Debug|Any CPU.Build.0 = Debug|Any CPU
		{64A7C298-F3AC-B799-76C4-FFDDAA5045BF}.Release|Any CPU.ActiveCfg = Release|Any CPU
		{64A7C298-F3AC-B799-76C4-FFDDAA5045BF}.Release|Any CPU.Build.0 = Release|Any CPU
		{56C564E9-F25D-4D2D-B4AD-E1900E936391}.Debug|Any CPU.ActiveCfg = Debug|Any CPU
		{56C564E9-F25D-4D2D-B4AD-E1900E936391}.Debug|Any CPU.Build.0 = Debug|Any CPU
		{56C564E9-F25D-4D2D-B4AD-E1900E936391}.Release|Any CPU.ActiveCfg = Release|Any CPU
		{56C564E9-F25D-4D2D-B4AD-E1900E936391}.Release|Any CPU.Build.0 = Release|Any CPU
		{3013F86B-4EBA-207E-75C5-2B726ECF2FE8}.Debug|Any CPU.ActiveCfg = Debug|Any CPU
		{3013F86B-4EBA-207E-75C5-2B726ECF2FE8}.Debug|Any CPU.Build.0 = Debug|Any CPU
		{3013F86B-4EBA-207E-75C5-2B726ECF2FE8}.Release|Any CPU.ActiveCfg = Release|Any CPU
		{3013F86B-4EBA-207E-75C5-2B726ECF2FE8}.Release|Any CPU.Build.0 = Release|Any CPU
		{2D7EF67B-EAA5-4A30-E0C5-8BB638645C4A}.Debug|Any CPU.ActiveCfg = Debug|Any CPU
		{2D7EF67B-EAA5-4A30-E0C5-8BB638645C4A}.Debug|Any CPU.Build.0 = Debug|Any CPU
		{2D7EF67B-EAA5-4A30-E0C5-8BB638645C4A}.Release|Any CPU.ActiveCfg = Release|Any CPU
		{2D7EF67B-EAA5-4A30-E0C5-8BB638645C4A}.Release|Any CPU.Build.0 = Release|Any CPU
		{9B183246-7A79-B56B-B12E-DE8332D95782}.Debug|Any CPU.ActiveCfg = Debug|Any CPU
		{9B183246-7A79-B56B-B12E-DE8332D95782}.Debug|Any CPU.Build.0 = Debug|Any CPU
		{9B183246-7A79-B56B-B12E-DE8332D95782}.Release|Any CPU.ActiveCfg = Release|Any CPU
		{9B183246-7A79-B56B-B12E-DE8332D95782}.Release|Any CPU.Build.0 = Release|Any CPU
		{64FE23C1-1374-8FC6-A80D-7997C37C83A7}.Debug|Any CPU.ActiveCfg = Debug|Any CPU
		{64FE23C1-1374-8FC6-A80D-7997C37C83A7}.Debug|Any CPU.Build.0 = Debug|Any CPU
		{64FE23C1-1374-8FC6-A80D-7997C37C83A7}.Release|Any CPU.ActiveCfg = Release|Any CPU
		{64FE23C1-1374-8FC6-A80D-7997C37C83A7}.Release|Any CPU.Build.0 = Release|Any CPU
		{C7A80E5B-0CC1-4892-0BFC-79B77979E8DE}.Debug|Any CPU.ActiveCfg = Debug|Any CPU
		{C7A80E5B-0CC1-4892-0BFC-79B77979E8DE}.Debug|Any CPU.Build.0 = Debug|Any CPU
		{C7A80E5B-0CC1-4892-0BFC-79B77979E8DE}.Release|Any CPU.ActiveCfg = Release|Any CPU
		{C7A80E5B-0CC1-4892-0BFC-79B77979E8DE}.Release|Any CPU.Build.0 = Release|Any CPU
		{4DB210E5-D137-A999-5DAB-EA77CEB90D4D}.Debug|Any CPU.ActiveCfg = Debug|Any CPU
		{4DB210E5-D137-A999-5DAB-EA77CEB90D4D}.Debug|Any CPU.Build.0 = Debug|Any CPU
		{4DB210E5-D137-A999-5DAB-EA77CEB90D4D}.Release|Any CPU.ActiveCfg = Release|Any CPU
		{4DB210E5-D137-A999-5DAB-EA77CEB90D4D}.Release|Any CPU.Build.0 = Release|Any CPU
		{E196DCC5-2AFA-C7D3-1437-DE4B95C2E603}.Debug|Any CPU.ActiveCfg = Debug|Any CPU
		{E196DCC5-2AFA-C7D3-1437-DE4B95C2E603}.Debug|Any CPU.Build.0 = Debug|Any CPU
		{E196DCC5-2AFA-C7D3-1437-DE4B95C2E603}.Release|Any CPU.ActiveCfg = Release|Any CPU
		{E196DCC5-2AFA-C7D3-1437-DE4B95C2E603}.Release|Any CPU.Build.0 = Release|Any CPU
		{C280497B-ABEE-39A5-A8EE-104B4DC8AD00}.Debug|Any CPU.ActiveCfg = Debug|Any CPU
		{C280497B-ABEE-39A5-A8EE-104B4DC8AD00}.Debug|Any CPU.Build.0 = Debug|Any CPU
		{C280497B-ABEE-39A5-A8EE-104B4DC8AD00}.Release|Any CPU.ActiveCfg = Release|Any CPU
		{C280497B-ABEE-39A5-A8EE-104B4DC8AD00}.Release|Any CPU.Build.0 = Release|Any CPU
		{2138E353-65AE-DD6F-BAA3-6D6ED0870570}.Debug|Any CPU.ActiveCfg = Debug|Any CPU
		{2138E353-65AE-DD6F-BAA3-6D6ED0870570}.Debug|Any CPU.Build.0 = Debug|Any CPU
		{2138E353-65AE-DD6F-BAA3-6D6ED0870570}.Release|Any CPU.ActiveCfg = Release|Any CPU
		{2138E353-65AE-DD6F-BAA3-6D6ED0870570}.Release|Any CPU.Build.0 = Release|Any CPU
		{E7E08F1A-847B-BB45-86FC-426664E17322}.Debug|Any CPU.ActiveCfg = Debug|Any CPU
		{E7E08F1A-847B-BB45-86FC-426664E17322}.Debug|Any CPU.Build.0 = Debug|Any CPU
		{E7E08F1A-847B-BB45-86FC-426664E17322}.Release|Any CPU.ActiveCfg = Release|Any CPU
		{E7E08F1A-847B-BB45-86FC-426664E17322}.Release|Any CPU.Build.0 = Release|Any CPU
		{4EEBF521-FE1C-2DEB-2DD1-192E7112C1BA}.Debug|Any CPU.ActiveCfg = Debug|Any CPU
		{4EEBF521-FE1C-2DEB-2DD1-192E7112C1BA}.Debug|Any CPU.Build.0 = Debug|Any CPU
		{4EEBF521-FE1C-2DEB-2DD1-192E7112C1BA}.Release|Any CPU.ActiveCfg = Release|Any CPU
		{4EEBF521-FE1C-2DEB-2DD1-192E7112C1BA}.Release|Any CPU.Build.0 = Release|Any CPU
	EndGlobalSection
	GlobalSection(SolutionProperties) = preSolution
		HideSolutionNode = FALSE
	EndGlobalSection
EndGlobal
